
Microsoft Visual Studio Solution File, Format Version 12.00
# Visual Studio Version 17
VisualStudioVersion = 17.9.34728.123
MinimumVisualStudioVersion = 10.0.40219.1
Project("{FAE04EC0-301F-11D3-BF4B-00C04F79EFBC}") = "ClassMetotDemo", "ClassMetotDemo\ClassMetotDemo.csproj", "{005F76CE-45AC-41B6-B855-7B37B6787C79}"
EndProject
Global
	GlobalSection(SolutionConfigurationPlatforms) = preSolution
		Debug|Any CPU = Debug|Any CPU
		Release|Any CPU = Release|Any CPU
	EndGlobalSection
	GlobalSection(ProjectConfigurationPlatforms) = postSolution
		{005F76CE-45AC-41B6-B855-7B37B6787C79}.Debug|Any CPU.ActiveCfg = Debug|Any CPU
		{005F76CE-45AC-41B6-B855-7B37B6787C79}.Debug|Any CPU.Build.0 = Debug|Any CPU
		{005F76CE-45AC-41B6-B855-7B37B6787C79}.Release|Any CPU.ActiveCfg = Release|Any CPU
		{005F76CE-45AC-41B6-B855-7B37B6787C79}.Release|Any CPU.Build.0 = Release|Any CPU
	EndGlobalSection
	GlobalSection(SolutionProperties) = preSolution
		HideSolutionNode = FALSE
	EndGlobalSection
	GlobalSection(ExtensibilityGlobals) = postSolution
		SolutionGuid = {B1F4BB0E-4FD8-4200-8E68-02CD2B87942C}
	EndGlobalSection
EndGlobal
